
Microsoft Visual Studio Solution File, Format Version 12.00
# Visual Studio 15
VisualStudioVersion = 15.0.28010.2048
MinimumVisualStudioVersion = 10.0.40219.1
Project("{FAE04EC0-301F-11D3-BF4B-00C04F79EFBC}") = "BiddingSystem.Specs", "BiddingSystem.Specs\BiddingSystem.Specs.csproj", "{AA6F4243-5626-404C-945D-CBAFEE3D785A}"
EndProject
Project("{FAE04EC0-301F-11D3-BF4B-00C04F79EFBC}") = "BiddingSystem", "BiddingSystem\BiddingSystem.csproj", "{45AE976C-492A-4FED-93D3-6D9F6812DF0F}"
EndProject
Project("{FAE04EC0-301F-11D3-BF4B-00C04F79EFBC}") = "BiddingSystem.Services", "BiddingSystem.Services\BiddingSystem.Services.csproj", "{A1502EE5-4337-4689-88ED-B39F3F98254B}"
EndProject
Global
	GlobalSection(SolutionConfigurationPlatforms) = preSolution
		Debug|Any CPU = Debug|Any CPU
		Release|Any CPU = Release|Any CPU
	EndGlobalSection
	GlobalSection(ProjectConfigurationPlatforms) = postSolution
		{AA6F4243-5626-404C-945D-CBAFEE3D785A}.Debug|Any CPU.ActiveCfg = Debug|Any CPU
		{AA6F4243-5626-404C-945D-CBAFEE3D785A}.Debug|Any CPU.Build.0 = Debug|Any CPU
		{AA6F4243-5626-404C-945D-CBAFEE3D785A}.Release|Any CPU.ActiveCfg = Release|Any CPU
		{AA6F4243-5626-404C-945D-CBAFEE3D785A}.Release|Any CPU.Build.0 = Release|Any CPU
		{45AE976C-492A-4FED-93D3-6D9F6812DF0F}.Debug|Any CPU.ActiveCfg = Debug|Any CPU
		{45AE976C-492A-4FED-93D3-6D9F6812DF0F}.Debug|Any CPU.Build.0 = Debug|Any CPU
		{45AE976C-492A-4FED-93D3-6D9F6812DF0F}.Release|Any CPU.ActiveCfg = Release|Any CPU
		{45AE976C-492A-4FED-93D3-6D9F6812DF0F}.Release|Any CPU.Build.0 = Release|Any CPU
		{A1502EE5-4337-4689-88ED-B39F3F98254B}.Debug|Any CPU.ActiveCfg = Debug|Any CPU
		{A1502EE5-4337-4689-88ED-B39F3F98254B}.Debug|Any CPU.Build.0 = Debug|Any CPU
		{A1502EE5-4337-4689-88ED-B39F3F98254B}.Release|Any CPU.ActiveCfg = Release|Any CPU
		{A1502EE5-4337-4689-88ED-B39F3F98254B}.Release|Any CPU.Build.0 = Release|Any CPU
	EndGlobalSection
	GlobalSection(SolutionProperties) = preSolution
		HideSolutionNode = FALSE
	EndGlobalSection
	GlobalSection(ExtensibilityGlobals) = postSolution
		SolutionGuid = {0945B200-F0B6-4536-B057-F1337E1BFCAB}
	EndGlobalSection
EndGlobal
